
Microsoft Visual Studio Solution File, Format Version 12.00
# Visual Studio Version 16
VisualStudioVersion = 16.0.29230.47
MinimumVisualStudioVersion = 10.0.40219.1
Project("{FAE04EC0-301F-11D3-BF4B-00C04F79EFBC}") = "RetailBrandApi", "RetailBrandApi\RetailBrandApi.csproj", "{3D7F8201-DFF5-4BB1-A02F-1C6E90ECBF10}"
EndProject
Global
	GlobalSection(SolutionConfigurationPlatforms) = preSolution
		Debug|Any CPU = Debug|Any CPU
		Release|Any CPU = Release|Any CPU
	EndGlobalSection
	GlobalSection(ProjectConfigurationPlatforms) = postSolution
		{3D7F8201-DFF5-4BB1-A02F-1C6E90ECBF10}.Debug|Any CPU.ActiveCfg = Debug|Any CPU
		{3D7F8201-DFF5-4BB1-A02F-1C6E90ECBF10}.Debug|Any CPU.Build.0 = Debug|Any CPU
		{3D7F8201-DFF5-4BB1-A02F-1C6E90ECBF10}.Release|Any CPU.ActiveCfg = Release|Any CPU
		{3D7F8201-DFF5-4BB1-A02F-1C6E90ECBF10}.Release|Any CPU.Build.0 = Release|Any CPU
	EndGlobalSection
	GlobalSection(SolutionProperties) = preSolution
		HideSolutionNode = FALSE
	EndGlobalSection
	GlobalSection(ExtensibilityGlobals) = postSolution
		SolutionGuid = {DDCAF9C2-E4FF-4374-A7EE-96D467F699AD}
	EndGlobalSection
EndGlobal
